// !$*UTF8*$!
{
	archiveVersion = 1;
	classes = {
	};
	objectVersion = 46;
	objects = {

/* Begin PBXBuildFile section */
		13B07FBC1A68108700A75B9A /* AppDelegate.m in Sources */ = {isa = PBXBuildFile; fileRef = 13B07FB01A68108700A75B9A /* AppDelegate.m */; };
		13B07FBD1A68108700A75B9A /* LaunchScreen.xib in Resources */ = {isa = PBXBuildFile; fileRef = 13B07FB11A68108700A75B9A /* LaunchScreen.xib */; };
		13B07FBF1A68108700A75B9A /* Images.xcassets in Resources */ = {isa = PBXBuildFile; fileRef = 13B07FB51A68108700A75B9A /* Images.xcassets */; };
		13B07FC11A68108700A75B9A /* main.m in Sources */ = {isa = PBXBuildFile; fileRef = 13B07FB71A68108700A75B9A /* main.m */; };
		3A54AA046B664D07ADDF5B34 /* Montserrat-Bold.ttf in Resources */ = {isa = PBXBuildFile; fileRef = 2776C5147E454394A997BDA1 /* Montserrat-Bold.ttf */; };
		3F706E319E6443AAB46E19EB /* Montserrat-Regular.ttf in Resources */ = {isa = PBXBuildFile; fileRef = E5EB02F4F0314482B26B1DA2 /* Montserrat-Regular.ttf */; };
		400AD9822635989100CA96BE /* GoogleService-Info.plist in Resources */ = {isa = PBXBuildFile; fileRef = 400AD9812635988F00CA96BE /* GoogleService-Info.plist */; };
		499545AF12654641AD6799A1 /* ToggleCalendar.app in Frameworks */ = {isa = PBXBuildFile; fileRef = 06ABC2C53F6249B18A56890E /* ToggleCalendar.app */; };
		5E995AB3748C35CFE5218A46 /* libPods-BonneAction.a in Frameworks */ = {isa = PBXBuildFile; fileRef = F76C76886A02FAA49775C21A /* libPods-BonneAction.a */; };
		975EC59E26FCE7150020BAF5 /* main.jsbundle in Resources */ = {isa = PBXBuildFile; fileRef = 008F07F21AC5B25A0029DE68 /* main.jsbundle */; };
		ECD6938B617F4D2CB5E1189F /* ToggleCalendarTests.xctest in Frameworks */ = {isa = PBXBuildFile; fileRef = 9F61C44C4B6F48BC90CF653B /* ToggleCalendarTests.xctest */; };
/* End PBXBuildFile section */

/* Begin PBXFileReference section */
		008F07F21AC5B25A0029DE68 /* main.jsbundle */ = {isa = PBXFileReference; fileEncoding = 4; lastKnownFileType = text; path = main.jsbundle; sourceTree = "<group>"; };
		04645AEB17954A5AA991589D /* love.png */ = {isa = PBXFileReference; explicitFileType = undefined; fileEncoding = 9; includeInIndex = 0; lastKnownFileType = unknown; name = love.png; path = ../src/assets/love.png; sourceTree = "<group>"; };
		0555087651164C849DD8D0B6 /* growth.jpg */ = {isa = PBXFileReference; explicitFileType = undefined; fileEncoding = 9; includeInIndex = 0; lastKnownFileType = unknown; name = growth.jpg; path = ../src/assets/growth.jpg; sourceTree = "<group>"; };
		06ABC2C53F6249B18A56890E /* ToggleCalendar.app */ = {isa = PBXFileReference; explicitFileType = undefined; fileEncoding = 9; includeInIndex = 0; lastKnownFileType = wrapper.application; path = ToggleCalendar.app; sourceTree = "<group>"; };
		0AD7BC0E9D214E22B7F07BC6 /* 1.jpg */ = {isa = PBXFileReference; explicitFileType = undefined; fileEncoding = 9; includeInIndex = 0; lastKnownFileType = unknown; name = 1.jpg; path = ../src/assets/1.jpg; sourceTree = "<group>"; };
		0BA4059D1A654DE794674B6A /* starEmpty.png */ = {isa = PBXFileReference; explicitFileType = undefined; fileEncoding = 9; includeInIndex = 0; lastKnownFileType = unknown; name = starEmpty.png; path = ../src/assets/starEmpty.png; sourceTree = "<group>"; };
		0D64BDA3D5750C70116BFC72 /* Pods-BonneAction.release.xcconfig */ = {isa = PBXFileReference; includeInIndex = 1; lastKnownFileType = text.xcconfig; name = "Pods-BonneAction.release.xcconfig"; path = "Target Support Files/Pods-BonneAction/Pods-BonneAction.release.xcconfig"; sourceTree = "<group>"; };
		0DB2A3D312194B16B6C6409B /* application.jpg */ = {isa = PBXFileReference; explicitFileType = undefined; fileEncoding = 9; includeInIndex = 0; lastKnownFileType = unknown; name = application.jpg; path = ../src/assets/application.jpg; sourceTree = "<group>"; };
		0F82FB9C1FF2406B910B306D /* logo@2x.png */ = {isa = PBXFileReference; explicitFileType = undefined; fileEncoding = 9; includeInIndex = 0; lastKnownFileType = unknown; name = "logo@2x.png"; path = "../src/assets/logo@2x.png"; sourceTree = "<group>"; };
		10EDC9A6A8614BDF925C9A4D /* background_dot@2x.png */ = {isa = PBXFileReference; explicitFileType = undefined; fileEncoding = 9; includeInIndex = 0; lastKnownFileType = unknown; name = "background_dot@2x.png"; path = "../src/assets/background_dot@2x.png"; sourceTree = "<group>"; };
		11F529BF3BD04AB9B53302AC /* carr.png */ = {isa = PBXFileReference; explicitFileType = undefined; fileEncoding = 9; includeInIndex = 0; lastKnownFileType = unknown; name = carr.png; path = ../src/assets/carr.png; sourceTree = "<group>"; };
		13B07F961A680F5B00A75B9A /* Web Time Machine.app */ = {isa = PBXFileReference; explicitFileType = wrapper.application; includeInIndex = 0; path = "Web Time Machine.app"; sourceTree = BUILT_PRODUCTS_DIR; };
		13B07FAF1A68108700A75B9A /* AppDelegate.h */ = {isa = PBXFileReference; fileEncoding = 4; lastKnownFileType = sourcecode.c.h; name = AppDelegate.h; path = BonneAction/AppDelegate.h; sourceTree = "<group>"; };
		13B07FB01A68108700A75B9A /* AppDelegate.m */ = {isa = PBXFileReference; fileEncoding = 4; lastKnownFileType = sourcecode.c.objc; name = AppDelegate.m; path = BonneAction/AppDelegate.m; sourceTree = "<group>"; };
		13B07FB21A68108700A75B9A /* Base */ = {isa = PBXFileReference; lastKnownFileType = file.xib; name = Base; path = Base.lproj/LaunchScreen.xib; sourceTree = "<group>"; };
		13B07FB51A68108700A75B9A /* Images.xcassets */ = {isa = PBXFileReference; lastKnownFileType = folder.assetcatalog; name = Images.xcassets; path = BonneAction/Images.xcassets; sourceTree = "<group>"; };
		13B07FB61A68108700A75B9A /* Info.plist */ = {isa = PBXFileReference; fileEncoding = 4; lastKnownFileType = text.plist.xml; name = Info.plist; path = BonneAction/Info.plist; sourceTree = "<group>"; };
		13B07FB71A68108700A75B9A /* main.m */ = {isa = PBXFileReference; fileEncoding = 4; lastKnownFileType = sourcecode.c.objc; name = main.m; path = BonneAction/main.m; sourceTree = "<group>"; };
		1543FADF54E944BDB2FAB6D3 /* starFilled.png */ = {isa = PBXFileReference; explicitFileType = undefined; fileEncoding = 9; includeInIndex = 0; lastKnownFileType = unknown; name = starFilled.png; path = ../src/assets/starFilled.png; sourceTree = "<group>"; };
		168EEF4E0FB3409197067ECE /* vvlogo.png */ = {isa = PBXFileReference; explicitFileType = undefined; fileEncoding = 9; includeInIndex = 0; lastKnownFileType = unknown; name = vvlogo.png; path = ../src/assets/vvlogo.png; sourceTree = "<group>"; };
		18D4DCC83F3D4140B029E040 /* 4.jpg */ = {isa = PBXFileReference; explicitFileType = undefined; fileEncoding = 9; includeInIndex = 0; lastKnownFileType = unknown; name = 4.jpg; path = ../src/assets/4.jpg; sourceTree = "<group>"; };
		1B67D9E2B29E4E7783876680 /* 3.jpg */ = {isa = PBXFileReference; explicitFileType = undefined; fileEncoding = 9; includeInIndex = 0; lastKnownFileType = unknown; name = 3.jpg; path = ../src/assets/3.jpg; sourceTree = "<group>"; };
		1C3BA0FDDD804A89B607BC48 /* medal.png */ = {isa = PBXFileReference; explicitFileType = undefined; fileEncoding = 9; includeInIndex = 0; lastKnownFileType = unknown; name = medal.png; path = ../src/assets/medal.png; sourceTree = "<group>"; };
		1EB874A9BCF94511A922FC74 /* unnamed.jpg */ = {isa = PBXFileReference; explicitFileType = undefined; fileEncoding = 9; includeInIndex = 0; lastKnownFileType = unknown; name = unnamed.jpg; path = ../src/assets/unnamed.jpg; sourceTree = "<group>"; };
		273254ED858140B59538881C /* bkg.jpg */ = {isa = PBXFileReference; explicitFileType = undefined; fileEncoding = 9; includeInIndex = 0; lastKnownFileType = unknown; name = bkg.jpg; path = ../src/assets/bkg.jpg; sourceTree = "<group>"; };
		2776C5147E454394A997BDA1 /* Montserrat-Bold.ttf */ = {isa = PBXFileReference; explicitFileType = undefined; fileEncoding = 9; includeInIndex = 0; lastKnownFileType = unknown; name = "Montserrat-Bold.ttf"; path = "../src/assets/fonts/Montserrat-Bold.ttf"; sourceTree = "<group>"; };
		2D16E6891FA4F8E400B85C8A /* libReact.a */ = {isa = PBXFileReference; explicitFileType = archive.ar; path = libReact.a; sourceTree = BUILT_PRODUCTS_DIR; };
		2DA5D1B86CE246BFBB14B4FC /* background_dot.png */ = {isa = PBXFileReference; explicitFileType = undefined; fileEncoding = 9; includeInIndex = 0; lastKnownFileType = unknown; name = background_dot.png; path = ../src/assets/background_dot.png; sourceTree = "<group>"; };
		2FEBCF99264840E5B27E4481 /* trash.png */ = {isa = PBXFileReference; explicitFileType = undefined; fileEncoding = 9; includeInIndex = 0; lastKnownFileType = unknown; name = trash.png; path = ../src/assets/trash.png; sourceTree = "<group>"; };
		3CCC0C3F4E7B4026B2708D7C /* grid.png */ = {isa = PBXFileReference; explicitFileType = undefined; fileEncoding = 9; includeInIndex = 0; lastKnownFileType = unknown; name = grid.png; path = ../src/assets/grid.png; sourceTree = "<group>"; };
		3CDD1F979D534CE08A159DF6 /* clock.png */ = {isa = PBXFileReference; explicitFileType = undefined; fileEncoding = 9; includeInIndex = 0; lastKnownFileType = unknown; name = clock.png; path = ../src/assets/clock.png; sourceTree = "<group>"; };
		3D3A8DC54000489195D647BE /* gymm.png */ = {isa = PBXFileReference; explicitFileType = undefined; fileEncoding = 9; includeInIndex = 0; lastKnownFileType = unknown; name = gymm.png; path = ../src/assets/gymm.png; sourceTree = "<group>"; };
		3FADE7A58591481486DB0B04 /* browser.png */ = {isa = PBXFileReference; explicitFileType = undefined; fileEncoding = 9; includeInIndex = 0; lastKnownFileType = unknown; name = browser.png; path = ../src/assets/browser.png; sourceTree = "<group>"; };
		400AD9812635988F00CA96BE /* GoogleService-Info.plist */ = {isa = PBXFileReference; fileEncoding = 4; lastKnownFileType = text.plist.xml; path = "GoogleService-Info.plist"; sourceTree = "<group>"; };
		46435EE55DDA42F1972434B3 /* planning.png */ = {isa = PBXFileReference; explicitFileType = undefined; fileEncoding = 9; includeInIndex = 0; lastKnownFileType = unknown; name = planning.png; path = ../src/assets/planning.png; sourceTree = "<group>"; };
		4E7EBC454F264D04A2687F2D /* 5.jpg */ = {isa = PBXFileReference; explicitFileType = undefined; fileEncoding = 9; includeInIndex = 0; lastKnownFileType = unknown; name = 5.jpg; path = ../src/assets/5.jpg; sourceTree = "<group>"; };
		4ED04762D7D947B889434E0F /* betting2.jpg */ = {isa = PBXFileReference; explicitFileType = undefined; fileEncoding = 9; includeInIndex = 0; lastKnownFileType = unknown; name = betting2.jpg; path = ../src/assets/betting2.jpg; sourceTree = "<group>"; };
		4EFD3608A3AA42E69B1671DE /* plogo.png */ = {isa = PBXFileReference; explicitFileType = undefined; fileEncoding = 9; includeInIndex = 0; lastKnownFileType = unknown; name = plogo.png; path = ../src/assets/plogo.png; sourceTree = "<group>"; };
		501E1E978A69413CBCA5300A /* city.png */ = {isa = PBXFileReference; explicitFileType = undefined; fileEncoding = 9; includeInIndex = 0; lastKnownFileType = unknown; name = city.png; path = ../src/assets/city.png; sourceTree = "<group>"; };
		53D8FEE614354E41B5DAAEC5 /* heart.png */ = {isa = PBXFileReference; explicitFileType = undefined; fileEncoding = 9; includeInIndex = 0; lastKnownFileType = unknown; name = heart.png; path = ../src/assets/heart.png; sourceTree = "<group>"; };
		548AFFD490F24610A4796C2A /* service.png */ = {isa = PBXFileReference; explicitFileType = undefined; fileEncoding = 9; includeInIndex = 0; lastKnownFileType = unknown; name = service.png; path = ../src/assets/service.png; sourceTree = "<group>"; };
		57CE989E34E7449994E5B84C /* arrow_back@2x.png */ = {isa = PBXFileReference; explicitFileType = undefined; fileEncoding = 9; includeInIndex = 0; lastKnownFileType = unknown; name = "arrow_back@2x.png"; path = "../src/assets/arrow_back@2x.png"; sourceTree = "<group>"; };
		5B9FE2C3E7A9485B9EB36A26 /* exit.png */ = {isa = PBXFileReference; explicitFileType = undefined; fileEncoding = 9; includeInIndex = 0; lastKnownFileType = unknown; name = exit.png; path = ../src/assets/exit.png; sourceTree = "<group>"; };
		5FA67E84715E4C13B90C849B /* list.png */ = {isa = PBXFileReference; explicitFileType = undefined; fileEncoding = 9; includeInIndex = 0; lastKnownFileType = unknown; name = list.png; path = ../src/assets/list.png; sourceTree = "<group>"; };
		60A5E6D143E6450BBF996D70 /* logovv.png */ = {isa = PBXFileReference; explicitFileType = undefined; fileEncoding = 9; includeInIndex = 0; lastKnownFileType = unknown; name = logovv.png; path = ../src/assets/logovv.png; sourceTree = "<group>"; };
		6234B7E098DA44B1B9C8CF6D /* player.png */ = {isa = PBXFileReference; explicitFileType = undefined; fileEncoding = 9; includeInIndex = 0; lastKnownFileType = unknown; name = player.png; path = ../src/assets/player.png; sourceTree = "<group>"; };
		681BE6AE1C73440A9435CB0A /* email.png */ = {isa = PBXFileReference; explicitFileType = undefined; fileEncoding = 9; includeInIndex = 0; lastKnownFileType = unknown; name = email.png; path = ../src/assets/email.png; sourceTree = "<group>"; };
		6A8E7E450A3A45AF897CD3C9 /* car.png */ = {isa = PBXFileReference; explicitFileType = undefined; fileEncoding = 9; includeInIndex = 0; lastKnownFileType = unknown; name = car.png; path = ../src/assets/car.png; sourceTree = "<group>"; };
		6C8F664A588C41D1A0B1B6D6 /* bkg.png */ = {isa = PBXFileReference; explicitFileType = undefined; fileEncoding = 9; includeInIndex = 0; lastKnownFileType = unknown; name = bkg.png; path = ../src/assets/bkg.png; sourceTree = "<group>"; };
		73DDDC774D7049E8A10FCA8D /* more.png */ = {isa = PBXFileReference; explicitFileType = undefined; fileEncoding = 9; includeInIndex = 0; lastKnownFileType = unknown; name = more.png; path = ../src/assets/more.png; sourceTree = "<group>"; };
		7682339D8BAD44438503DA18 /* 2.jpg */ = {isa = PBXFileReference; explicitFileType = undefined; fileEncoding = 9; includeInIndex = 0; lastKnownFileType = unknown; name = 2.jpg; path = ../src/assets/2.jpg; sourceTree = "<group>"; };
		786668A78C984A028F444BEC /* betting1.jpg */ = {isa = PBXFileReference; explicitFileType = undefined; fileEncoding = 9; includeInIndex = 0; lastKnownFileType = unknown; name = betting1.jpg; path = ../src/assets/betting1.jpg; sourceTree = "<group>"; };
		7AAA8FE0F8C0461F8023B848 /* warning.png */ = {isa = PBXFileReference; explicitFileType = undefined; fileEncoding = 9; includeInIndex = 0; lastKnownFileType = unknown; name = warning.png; path = ../src/assets/warning.png; sourceTree = "<group>"; };
		8059F7404CDD438F957DFF13 /* angryimg.png */ = {isa = PBXFileReference; explicitFileType = undefined; fileEncoding = 9; includeInIndex = 0; lastKnownFileType = unknown; name = angryimg.png; path = ../src/assets/angryimg.png; sourceTree = "<group>"; };
		82656283242E479B9D383ECA /* bet.png */ = {isa = PBXFileReference; explicitFileType = undefined; fileEncoding = 9; includeInIndex = 0; lastKnownFileType = unknown; name = bet.png; path = ../src/assets/bet.png; sourceTree = "<group>"; };
		861E213E1A534A09A193370E /* viewer.png */ = {isa = PBXFileReference; explicitFileType = undefined; fileEncoding = 9; includeInIndex = 0; lastKnownFileType = unknown; name = viewer.png; path = ../src/assets/viewer.png; sourceTree = "<group>"; };
		8A14D8AB5426412780FAC54B /* userD.png */ = {isa = PBXFileReference; explicitFileType = undefined; fileEncoding = 9; includeInIndex = 0; lastKnownFileType = unknown; name = userD.png; path = ../src/assets/userD.png; sourceTree = "<group>"; };
		8C5720F2D4AE489593011547 /* muscle.png */ = {isa = PBXFileReference; explicitFileType = undefined; fileEncoding = 9; includeInIndex = 0; lastKnownFileType = unknown; name = muscle.png; path = ../src/assets/muscle.png; sourceTree = "<group>"; };
		8CC4F359303B417389C01752 /* calendarr.png */ = {isa = PBXFileReference; explicitFileType = undefined; fileEncoding = 9; includeInIndex = 0; lastKnownFileType = unknown; name = calendarr.png; path = ../src/assets/calendarr.png; sourceTree = "<group>"; };
		8E62518F7E394F28867C2C7F /* bcg.jpg */ = {isa = PBXFileReference; explicitFileType = undefined; fileEncoding = 9; includeInIndex = 0; lastKnownFileType = unknown; name = bcg.jpg; path = ../src/assets/bcg.jpg; sourceTree = "<group>"; };
		8E95815149E444519025D855 /* back.png */ = {isa = PBXFileReference; explicitFileType = undefined; fileEncoding = 9; includeInIndex = 0; lastKnownFileType = unknown; name = back.png; path = ../src/assets/back.png; sourceTree = "<group>"; };
		903DC8F009B44D7BAFEE3820 /* interface.png */ = {isa = PBXFileReference; explicitFileType = undefined; fileEncoding = 9; includeInIndex = 0; lastKnownFileType = unknown; name = interface.png; path = ../src/assets/interface.png; sourceTree = "<group>"; };
		9BDC73B38C594FDABB7A73EC /* betting3.jpg */ = {isa = PBXFileReference; explicitFileType = undefined; fileEncoding = 9; includeInIndex = 0; lastKnownFileType = unknown; name = betting3.jpg; path = ../src/assets/betting3.jpg; sourceTree = "<group>"; };
		9C513AEEC1FF497E8A74D7D8 /* plus.png */ = {isa = PBXFileReference; explicitFileType = undefined; fileEncoding = 9; includeInIndex = 0; lastKnownFileType = unknown; name = plus.png; path = ../src/assets/plus.png; sourceTree = "<group>"; };
		9F61C44C4B6F48BC90CF653B /* ToggleCalendarTests.xctest */ = {isa = PBXFileReference; explicitFileType = undefined; fileEncoding = 9; includeInIndex = 0; lastKnownFileType = wrapper.cfbundle; path = ToggleCalendarTests.xctest; sourceTree = "<group>"; };
		A3B4CE96E3484D489C0098AD /* user.png */ = {isa = PBXFileReference; explicitFileType = undefined; fileEncoding = 9; includeInIndex = 0; lastKnownFileType = unknown; name = user.png; path = ../src/assets/user.png; sourceTree = "<group>"; };
		A3F97FA8894BDB1EE0B94642 /* Pods-BonneAction.debug.xcconfig */ = {isa = PBXFileReference; includeInIndex = 1; lastKnownFileType = text.xcconfig; name = "Pods-BonneAction.debug.xcconfig"; path = "Target Support Files/Pods-BonneAction/Pods-BonneAction.debug.xcconfig"; sourceTree = "<group>"; };
		AAB052CD897B4DABB579C454 /* logov.png */ = {isa = PBXFileReference; explicitFileType = undefined; fileEncoding = 9; includeInIndex = 0; lastKnownFileType = unknown; name = logov.png; path = ../src/assets/logov.png; sourceTree = "<group>"; };
		ACC1CBC6188B429780C1957D /* home.png */ = {isa = PBXFileReference; explicitFileType = undefined; fileEncoding = 9; includeInIndex = 0; lastKnownFileType = unknown; name = home.png; path = ../src/assets/home.png; sourceTree = "<group>"; };
		AF7A2D6E966348BCA46D564A /* bets.png */ = {isa = PBXFileReference; explicitFileType = undefined; fileEncoding = 9; includeInIndex = 0; lastKnownFileType = unknown; name = bets.png; path = ../src/assets/bets.png; sourceTree = "<group>"; };
		BD7B5A01B2E84D7E89032492 /* work.png */ = {isa = PBXFileReference; explicitFileType = undefined; fileEncoding = 9; includeInIndex = 0; lastKnownFileType = unknown; name = work.png; path = ../src/assets/work.png; sourceTree = "<group>"; };
		BDBCD183DB014EF5BD100387 /* arrow.png */ = {isa = PBXFileReference; explicitFileType = undefined; fileEncoding = 9; includeInIndex = 0; lastKnownFileType = unknown; name = arrow.png; path = ../src/assets/arrow.png; sourceTree = "<group>"; };
		C144495D71F94E1BA866235D /* football.png */ = {isa = PBXFileReference; explicitFileType = undefined; fileEncoding = 9; includeInIndex = 0; lastKnownFileType = unknown; name = football.png; path = ../src/assets/football.png; sourceTree = "<group>"; };
		C5E1D90F22DC44D59AB9C74A /* starHalf.png */ = {isa = PBXFileReference; explicitFileType = undefined; fileEncoding = 9; includeInIndex = 0; lastKnownFileType = unknown; name = starHalf.png; path = ../src/assets/starHalf.png; sourceTree = "<group>"; };
		C99A0DA5BB74430281F9179C /* calendar.png */ = {isa = PBXFileReference; explicitFileType = undefined; fileEncoding = 9; includeInIndex = 0; lastKnownFileType = unknown; name = calendar.png; path = ../src/assets/calendar.png; sourceTree = "<group>"; };
		CBB536A7222D4C1FAB8ED21F /* play.png */ = {isa = PBXFileReference; explicitFileType = undefined; fileEncoding = 9; includeInIndex = 0; lastKnownFileType = unknown; name = play.png; path = ../src/assets/play.png; sourceTree = "<group>"; };
		CE5054427C3F4424AA1D822F /* logout.png */ = {isa = PBXFileReference; explicitFileType = undefined; fileEncoding = 9; includeInIndex = 0; lastKnownFileType = unknown; name = logout.png; path = ../src/assets/logout.png; sourceTree = "<group>"; };
		D1AA7D378BBF47AF9D2217D4 /* arrow_back.png */ = {isa = PBXFileReference; explicitFileType = undefined; fileEncoding = 9; includeInIndex = 0; lastKnownFileType = unknown; name = arrow_back.png; path = ../src/assets/arrow_back.png; sourceTree = "<group>"; };
		D36B63BC9C1C4F66A8014AA8 /* result.png */ = {isa = PBXFileReference; explicitFileType = undefined; fileEncoding = 9; includeInIndex = 0; lastKnownFileType = unknown; name = result.png; path = ../src/assets/result.png; sourceTree = "<group>"; };
		D46F59E2CC0F4317B665E0C6 /* checked.png */ = {isa = PBXFileReference; explicitFileType = undefined; fileEncoding = 9; includeInIndex = 0; lastKnownFileType = unknown; name = checked.png; path = ../src/assets/checked.png; sourceTree = "<group>"; };
		D6F8C305DE2E4CDEA5C38FEA /* application.png */ = {isa = PBXFileReference; explicitFileType = undefined; fileEncoding = 9; includeInIndex = 0; lastKnownFileType = unknown; name = application.png; path = ../src/assets/application.png; sourceTree = "<group>"; };
		D723BF3797E947F48FBB69B0 /* icon.png */ = {isa = PBXFileReference; explicitFileType = undefined; fileEncoding = 9; includeInIndex = 0; lastKnownFileType = unknown; name = icon.png; path = ../src/assets/icon.png; sourceTree = "<group>"; };
		D7300A874483484CAC1A819F /* photo.png */ = {isa = PBXFileReference; explicitFileType = undefined; fileEncoding = 9; includeInIndex = 0; lastKnownFileType = unknown; name = photo.png; path = ../src/assets/photo.png; sourceTree = "<group>"; };
		D73C20A5F497425FAD18B622 /* add.png */ = {isa = PBXFileReference; explicitFileType = undefined; fileEncoding = 9; includeInIndex = 0; lastKnownFileType = unknown; name = add.png; path = ../src/assets/add.png; sourceTree = "<group>"; };
		D794E2153E6F4C0EA42363F6 /* sport.png */ = {isa = PBXFileReference; explicitFileType = undefined; fileEncoding = 9; includeInIndex = 0; lastKnownFileType = unknown; name = sport.png; path = ../src/assets/sport.png; sourceTree = "<group>"; };
		DE6EA0E8874E4BF6B38A51B3 /* menu.png */ = {isa = PBXFileReference; explicitFileType = undefined; fileEncoding = 9; includeInIndex = 0; lastKnownFileType = unknown; name = menu.png; path = ../src/assets/menu.png; sourceTree = "<group>"; };
		E0EFDA6E5811454F82803E60 /* gym.png */ = {isa = PBXFileReference; explicitFileType = undefined; fileEncoding = 9; includeInIndex = 0; lastKnownFileType = unknown; name = gym.png; path = ../src/assets/gym.png; sourceTree = "<group>"; };
		E1F8AF34D8EA4621BF4B0117 /* mywhall.png */ = {isa = PBXFileReference; explicitFileType = undefined; fileEncoding = 9; includeInIndex = 0; lastKnownFileType = unknown; name = mywhall.png; path = ../src/assets/mywhall.png; sourceTree = "<group>"; };
		E2B5EDC0DF3746BC893FD51D /* friends.png */ = {isa = PBXFileReference; explicitFileType = undefined; fileEncoding = 9; includeInIndex = 0; lastKnownFileType = unknown; name = friends.png; path = ../src/assets/friends.png; sourceTree = "<group>"; };
		E5EB02F4F0314482B26B1DA2 /* Montserrat-Regular.ttf */ = {isa = PBXFileReference; explicitFileType = undefined; fileEncoding = 9; includeInIndex = 0; lastKnownFileType = unknown; name = "Montserrat-Regular.ttf"; path = "../src/assets/fonts/Montserrat-Regular.ttf"; sourceTree = "<group>"; };
		E656F3725BF34FDCA9DBE52B /* logo.png */ = {isa = PBXFileReference; explicitFileType = undefined; fileEncoding = 9; includeInIndex = 0; lastKnownFileType = unknown; name = logo.png; path = ../src/assets/logo.png; sourceTree = "<group>"; };
		E6A78BC2EF1C4A5491C4CEDC /* imgg.jpg */ = {isa = PBXFileReference; explicitFileType = undefined; fileEncoding = 9; includeInIndex = 0; lastKnownFileType = unknown; name = imgg.jpg; path = ../src/assets/imgg.jpg; sourceTree = "<group>"; };
		E9F5E21C9B0D42B7B588CC33 /* avatar.png */ = {isa = PBXFileReference; explicitFileType = undefined; fileEncoding = 9; includeInIndex = 0; lastKnownFileType = unknown; name = avatar.png; path = ../src/assets/avatar.png; sourceTree = "<group>"; };
		ED297162215061F000B7C4FE /* JavaScriptCore.framework */ = {isa = PBXFileReference; lastKnownFileType = wrapper.framework; name = JavaScriptCore.framework; path = System/Library/Frameworks/JavaScriptCore.framework; sourceTree = SDKROOT; };
		ED2971642150620600B7C4FE /* JavaScriptCore.framework */ = {isa = PBXFileReference; lastKnownFileType = wrapper.framework; name = JavaScriptCore.framework; path = Platforms/AppleTVOS.platform/Developer/SDKs/AppleTVOS12.0.sdk/System/Library/Frameworks/JavaScriptCore.framework; sourceTree = DEVELOPER_DIR; };
		F09A04982FDC4BF09B2EE5DA /* ranking.png */ = {isa = PBXFileReference; explicitFileType = undefined; fileEncoding = 9; includeInIndex = 0; lastKnownFileType = unknown; name = ranking.png; path = ../src/assets/ranking.png; sourceTree = "<group>"; };
		F6D108B407F8476BBA71DCF9 /* party.png */ = {isa = PBXFileReference; explicitFileType = undefined; fileEncoding = 9; includeInIndex = 0; lastKnownFileType = unknown; name = party.png; path = ../src/assets/party.png; sourceTree = "<group>"; };
		F76C76886A02FAA49775C21A /* libPods-BonneAction.a */ = {isa = PBXFileReference; explicitFileType = archive.ar; includeInIndex = 0; path = "libPods-BonneAction.a"; sourceTree = BUILT_PRODUCTS_DIR; };
		FDB42C8EA9C8452A95110637 /* comment.png */ = {isa = PBXFileReference; explicitFileType = undefined; fileEncoding = 9; includeInIndex = 0; lastKnownFileType = unknown; name = comment.png; path = ../src/assets/comment.png; sourceTree = "<group>"; };
		FFDE22A84AE84EE49A449DCB /* timer.png */ = {isa = PBXFileReference; explicitFileType = undefined; fileEncoding = 9; includeInIndex = 0; lastKnownFileType = unknown; name = timer.png; path = ../src/assets/timer.png; sourceTree = "<group>"; };
/* End PBXFileReference section */

/* Begin PBXFrameworksBuildPhase section */
		13B07F8C1A680F5B00A75B9A /* Frameworks */ = {
			isa = PBXFrameworksBuildPhase;
			buildActionMask = 2147483647;
			files = (
				5E995AB3748C35CFE5218A46 /* libPods-BonneAction.a in Frameworks */,
				499545AF12654641AD6799A1 /* ToggleCalendar.app in Frameworks */,
				ECD6938B617F4D2CB5E1189F /* ToggleCalendarTests.xctest in Frameworks */,
			);
			runOnlyForDeploymentPostprocessing = 0;
		};
/* End PBXFrameworksBuildPhase section */

/* Begin PBXGroup section */
		13B07FAE1A68108700A75B9A /* BonneAction */ = {
			isa = PBXGroup;
			children = (
				008F07F21AC5B25A0029DE68 /* main.jsbundle */,
				13B07FAF1A68108700A75B9A /* AppDelegate.h */,
				13B07FB01A68108700A75B9A /* AppDelegate.m */,
				13B07FB51A68108700A75B9A /* Images.xcassets */,
				13B07FB61A68108700A75B9A /* Info.plist */,
				400AD9812635988F00CA96BE /* GoogleService-Info.plist */,
				13B07FB11A68108700A75B9A /* LaunchScreen.xib */,
				13B07FB71A68108700A75B9A /* main.m */,
			);
			name = BonneAction;
			sourceTree = "<group>";
		};
		2D16E6871FA4F8E400B85C8A /* Frameworks */ = {
			isa = PBXGroup;
			children = (
				ED297162215061F000B7C4FE /* JavaScriptCore.framework */,
				ED2971642150620600B7C4FE /* JavaScriptCore.framework */,
				2D16E6891FA4F8E400B85C8A /* libReact.a */,
				F76C76886A02FAA49775C21A /* libPods-BonneAction.a */,
			);
			name = Frameworks;
			sourceTree = "<group>";
		};
		832341AE1AAA6A7D00B99B32 /* Libraries */ = {
			isa = PBXGroup;
			children = (
			);
			name = Libraries;
			sourceTree = "<group>";
		};
		83CBB9F61A601CBA00E9B192 = {
			isa = PBXGroup;
			children = (
				13B07FAE1A68108700A75B9A /* BonneAction */,
				832341AE1AAA6A7D00B99B32 /* Libraries */,
				83CBBA001A601CBA00E9B192 /* Products */,
				2D16E6871FA4F8E400B85C8A /* Frameworks */,
				8DA1D96D235DC47FB1C1CDD9 /* Pods */,
				8965BF2446284B2EA9F1EBF1 /* Resources */,
				975EC5A026FCE78A0020BAF5 /* Recovered References */,
			);
			indentWidth = 2;
			sourceTree = "<group>";
			tabWidth = 2;
			usesTabs = 0;
		};
		83CBBA001A601CBA00E9B192 /* Products */ = {
			isa = PBXGroup;
			children = (
				13B07F961A680F5B00A75B9A /* Web Time Machine.app */,
			);
			name = Products;
			sourceTree = "<group>";
		};
		8965BF2446284B2EA9F1EBF1 /* Resources */ = {
			isa = PBXGroup;
			children = (
				2776C5147E454394A997BDA1 /* Montserrat-Bold.ttf */,
				E5EB02F4F0314482B26B1DA2 /* Montserrat-Regular.ttf */,
				0AD7BC0E9D214E22B7F07BC6 /* 1.jpg */,
				7682339D8BAD44438503DA18 /* 2.jpg */,
				1B67D9E2B29E4E7783876680 /* 3.jpg */,
				18D4DCC83F3D4140B029E040 /* 4.jpg */,
				4E7EBC454F264D04A2687F2D /* 5.jpg */,
				D73C20A5F497425FAD18B622 /* add.png */,
				8059F7404CDD438F957DFF13 /* angryimg.png */,
				0DB2A3D312194B16B6C6409B /* application.jpg */,
				D6F8C305DE2E4CDEA5C38FEA /* application.png */,
				D1AA7D378BBF47AF9D2217D4 /* arrow_back.png */,
				57CE989E34E7449994E5B84C /* arrow_back@2x.png */,
				BDBCD183DB014EF5BD100387 /* arrow.png */,
				E9F5E21C9B0D42B7B588CC33 /* avatar.png */,
				8E95815149E444519025D855 /* back.png */,
				2DA5D1B86CE246BFBB14B4FC /* background_dot.png */,
				10EDC9A6A8614BDF925C9A4D /* background_dot@2x.png */,
				8E62518F7E394F28867C2C7F /* bcg.jpg */,
				82656283242E479B9D383ECA /* bet.png */,
				AF7A2D6E966348BCA46D564A /* bets.png */,
				786668A78C984A028F444BEC /* betting1.jpg */,
				4ED04762D7D947B889434E0F /* betting2.jpg */,
				9BDC73B38C594FDABB7A73EC /* betting3.jpg */,
				273254ED858140B59538881C /* bkg.jpg */,
				6C8F664A588C41D1A0B1B6D6 /* bkg.png */,
				3FADE7A58591481486DB0B04 /* browser.png */,
				C99A0DA5BB74430281F9179C /* calendar.png */,
				8CC4F359303B417389C01752 /* calendarr.png */,
				6A8E7E450A3A45AF897CD3C9 /* car.png */,
				11F529BF3BD04AB9B53302AC /* carr.png */,
				D46F59E2CC0F4317B665E0C6 /* checked.png */,
				501E1E978A69413CBCA5300A /* city.png */,
				3CDD1F979D534CE08A159DF6 /* clock.png */,
				FDB42C8EA9C8452A95110637 /* comment.png */,
				681BE6AE1C73440A9435CB0A /* email.png */,
				5B9FE2C3E7A9485B9EB36A26 /* exit.png */,
				C144495D71F94E1BA866235D /* football.png */,
				E2B5EDC0DF3746BC893FD51D /* friends.png */,
				3CCC0C3F4E7B4026B2708D7C /* grid.png */,
				0555087651164C849DD8D0B6 /* growth.jpg */,
				E0EFDA6E5811454F82803E60 /* gym.png */,
				3D3A8DC54000489195D647BE /* gymm.png */,
				53D8FEE614354E41B5DAAEC5 /* heart.png */,
				ACC1CBC6188B429780C1957D /* home.png */,
				D723BF3797E947F48FBB69B0 /* icon.png */,
				E6A78BC2EF1C4A5491C4CEDC /* imgg.jpg */,
				903DC8F009B44D7BAFEE3820 /* interface.png */,
				5FA67E84715E4C13B90C849B /* list.png */,
				E656F3725BF34FDCA9DBE52B /* logo.png */,
				0F82FB9C1FF2406B910B306D /* logo@2x.png */,
				CE5054427C3F4424AA1D822F /* logout.png */,
				AAB052CD897B4DABB579C454 /* logov.png */,
				60A5E6D143E6450BBF996D70 /* logovv.png */,
				04645AEB17954A5AA991589D /* love.png */,
				1C3BA0FDDD804A89B607BC48 /* medal.png */,
				DE6EA0E8874E4BF6B38A51B3 /* menu.png */,
				73DDDC774D7049E8A10FCA8D /* more.png */,
				8C5720F2D4AE489593011547 /* muscle.png */,
				E1F8AF34D8EA4621BF4B0117 /* mywhall.png */,
				F6D108B407F8476BBA71DCF9 /* party.png */,
				D7300A874483484CAC1A819F /* photo.png */,
				46435EE55DDA42F1972434B3 /* planning.png */,
				CBB536A7222D4C1FAB8ED21F /* play.png */,
				6234B7E098DA44B1B9C8CF6D /* player.png */,
				4EFD3608A3AA42E69B1671DE /* plogo.png */,
				9C513AEEC1FF497E8A74D7D8 /* plus.png */,
				F09A04982FDC4BF09B2EE5DA /* ranking.png */,
				D36B63BC9C1C4F66A8014AA8 /* result.png */,
				548AFFD490F24610A4796C2A /* service.png */,
				D794E2153E6F4C0EA42363F6 /* sport.png */,
				0BA4059D1A654DE794674B6A /* starEmpty.png */,
				1543FADF54E944BDB2FAB6D3 /* starFilled.png */,
				C5E1D90F22DC44D59AB9C74A /* starHalf.png */,
				FFDE22A84AE84EE49A449DCB /* timer.png */,
				2FEBCF99264840E5B27E4481 /* trash.png */,
				1EB874A9BCF94511A922FC74 /* unnamed.jpg */,
				A3B4CE96E3484D489C0098AD /* user.png */,
				8A14D8AB5426412780FAC54B /* userD.png */,
				861E213E1A534A09A193370E /* viewer.png */,
				168EEF4E0FB3409197067ECE /* vvlogo.png */,
				7AAA8FE0F8C0461F8023B848 /* warning.png */,
				BD7B5A01B2E84D7E89032492 /* work.png */,
			);
			name = Resources;
			sourceTree = "<group>";
		};
		8DA1D96D235DC47FB1C1CDD9 /* Pods */ = {
			isa = PBXGroup;
			children = (
				A3F97FA8894BDB1EE0B94642 /* Pods-BonneAction.debug.xcconfig */,
				0D64BDA3D5750C70116BFC72 /* Pods-BonneAction.release.xcconfig */,
			);
			path = Pods;
			sourceTree = "<group>";
		};
		975EC5A026FCE78A0020BAF5 /* Recovered References */ = {
			isa = PBXGroup;
			children = (
				06ABC2C53F6249B18A56890E /* ToggleCalendar.app */,
				9F61C44C4B6F48BC90CF653B /* ToggleCalendarTests.xctest */,
			);
			name = "Recovered References";
			sourceTree = "<group>";
		};
/* End PBXGroup section */

/* Begin PBXNativeTarget section */
		13B07F861A680F5B00A75B9A /* BonneAction */ = {
			isa = PBXNativeTarget;
			buildConfigurationList = 13B07F931A680F5B00A75B9A /* Build configuration list for PBXNativeTarget "BonneAction" */;
			buildPhases = (
				4E32603E2FE9BA009B722EDE /* [CP] Check Pods Manifest.lock */,
				FD4C38642228810C00325AF5 /* Start Packager */,
				13B07F871A680F5B00A75B9A /* Sources */,
				13B07F8C1A680F5B00A75B9A /* Frameworks */,
				13B07F8E1A680F5B00A75B9A /* Resources */,
				00DD1BFF1BD5951E006B06BC /* Bundle React Native code and images */,
				B6144AEB0B3095FA521469A3 /* [CP] Copy Pods Resources */,
			);
			buildRules = (
			);
			dependencies = (
			);
			name = BonneAction;
			productName = "Hello World";
			productReference = 13B07F961A680F5B00A75B9A /* Web Time Machine.app */;
			productType = "com.apple.product-type.application";
		};
/* End PBXNativeTarget section */

/* Begin PBXProject section */
		83CBB9F71A601CBA00E9B192 /* Project object */ = {
			isa = PBXProject;
			attributes = {
				LastUpgradeCheck = 940;
				ORGANIZATIONNAME = Facebook;
				TargetAttributes = {
					13B07F861A680F5B00A75B9A = {
						DevelopmentTeam = UCBBLRXQA6;
						LastSwiftMigration = 1120;
						ProvisioningStyle = Manual;
					};
				};
			};
			buildConfigurationList = 83CBB9FA1A601CBA00E9B192 /* Build configuration list for PBXProject "BonneAction" */;
			compatibilityVersion = "Xcode 3.2";
			developmentRegion = English;
			hasScannedForEncodings = 0;
			knownRegions = (
				English,
				en,
				Base,
			);
			mainGroup = 83CBB9F61A601CBA00E9B192;
			productRefGroup = 83CBBA001A601CBA00E9B192 /* Products */;
			projectDirPath = "";
			projectRoot = "";
			targets = (
				13B07F861A680F5B00A75B9A /* BonneAction */,
			);
		};
/* End PBXProject section */

/* Begin PBXResourcesBuildPhase section */
		13B07F8E1A680F5B00A75B9A /* Resources */ = {
			isa = PBXResourcesBuildPhase;
			buildActionMask = 2147483647;
			files = (
				975EC59E26FCE7150020BAF5 /* main.jsbundle in Resources */,
				13B07FBF1A68108700A75B9A /* Images.xcassets in Resources */,
				400AD9822635989100CA96BE /* GoogleService-Info.plist in Resources */,
				13B07FBD1A68108700A75B9A /* LaunchScreen.xib in Resources */,
				3A54AA046B664D07ADDF5B34 /* Montserrat-Bold.ttf in Resources */,
				3F706E319E6443AAB46E19EB /* Montserrat-Regular.ttf in Resources */,
			);
			runOnlyForDeploymentPostprocessing = 0;
		};
/* End PBXResourcesBuildPhase section */

/* Begin PBXShellScriptBuildPhase section */
		00DD1BFF1BD5951E006B06BC /* Bundle React Native code and images */ = {
			isa = PBXShellScriptBuildPhase;
			buildActionMask = 2147483647;
			files = (
			);
			inputPaths = (
			);
			name = "Bundle React Native code and images";
			outputPaths = (
			);
			runOnlyForDeploymentPostprocessing = 0;
			shellPath = /bin/sh;
			shellScript = "cd $PROJECT_DIR/..\nexport NODE_BINARY=node\n./node_modules/react-native/scripts/react-native-xcode.sh\n";
		};
		4E32603E2FE9BA009B722EDE /* [CP] Check Pods Manifest.lock */ = {
			isa = PBXShellScriptBuildPhase;
			buildActionMask = 2147483647;
			files = (
			);
			inputFileListPaths = (
			);
			inputPaths = (
				"${PODS_PODFILE_DIR_PATH}/Podfile.lock",
				"${PODS_ROOT}/Manifest.lock",
			);
			name = "[CP] Check Pods Manifest.lock";
			outputFileListPaths = (
			);
			outputPaths = (
				"$(DERIVED_FILE_DIR)/Pods-BonneAction-checkManifestLockResult.txt",
			);
			runOnlyForDeploymentPostprocessing = 0;
			shellPath = /bin/sh;
			shellScript = "diff \"${PODS_PODFILE_DIR_PATH}/Podfile.lock\" \"${PODS_ROOT}/Manifest.lock\" > /dev/null\nif [ $? != 0 ] ; then\n    # print error to STDERR\n    echo \"error: The sandbox is not in sync with the Podfile.lock. Run 'pod install' or update your CocoaPods installation.\" >&2\n    exit 1\nfi\n# This output is used by Xcode 'outputs' to avoid re-running this script phase.\necho \"SUCCESS\" > \"${SCRIPT_OUTPUT_FILE_0}\"\n";
			showEnvVarsInLog = 0;
		};
		B6144AEB0B3095FA521469A3 /* [CP] Copy Pods Resources */ = {
			isa = PBXShellScriptBuildPhase;
			buildActionMask = 2147483647;
			files = (
			);
			inputPaths = (
				"${PODS_ROOT}/Target Support Files/Pods-BonneAction/Pods-BonneAction-resources.sh",
				"${PODS_ROOT}/FBSDKCoreKit/FacebookSDKStrings.bundle",
				"${PODS_ROOT}/GoogleSignIn/Resources/GoogleSignIn.bundle",
			);
			name = "[CP] Copy Pods Resources";
			outputPaths = (
				"${TARGET_BUILD_DIR}/${UNLOCALIZED_RESOURCES_FOLDER_PATH}/FacebookSDKStrings.bundle",
				"${TARGET_BUILD_DIR}/${UNLOCALIZED_RESOURCES_FOLDER_PATH}/GoogleSignIn.bundle",
			);
			runOnlyForDeploymentPostprocessing = 0;
			shellPath = /bin/sh;
			shellScript = "\"${PODS_ROOT}/Target Support Files/Pods-BonneAction/Pods-BonneAction-resources.sh\"\n";
			showEnvVarsInLog = 0;
		};
		FD4C38642228810C00325AF5 /* Start Packager */ = {
			isa = PBXShellScriptBuildPhase;
			buildActionMask = 2147483647;
			files = (
			);
			inputFileListPaths = (
			);
			inputPaths = (
			);
			name = "Start Packager";
			outputFileListPaths = (
			);
			outputPaths = (
			);
			runOnlyForDeploymentPostprocessing = 0;
			shellPath = /bin/sh;
			shellScript = "export RCT_METRO_PORT=\"${RCT_METRO_PORT:=8081}\"\necho \"export RCT_METRO_PORT=${RCT_METRO_PORT}\" > \"${SRCROOT}/../node_modules/react-native/scripts/.packager.env\"\nif [ -z \"${RCT_NO_LAUNCH_PACKAGER+xxx}\" ] ; then\n  if nc -w 5 -z localhost ${RCT_METRO_PORT} ; then\n    if ! curl -s \"http://localhost:${RCT_METRO_PORT}/status\" | grep -q \"packager-status:running\" ; then\n      echo \"Port ${RCT_METRO_PORT} already in use, packager is either not running or not running correctly\"\n      exit 2\n    fi\n  else\n    open \"$SRCROOT/../node_modules/react-native/scripts/launchPackager.command\" || echo \"Can't start packager automatically\"\n  fi\nfi\n";
			showEnvVarsInLog = 0;
		};
/* End PBXShellScriptBuildPhase section */

/* Begin PBXSourcesBuildPhase section */
		13B07F871A680F5B00A75B9A /* Sources */ = {
			isa = PBXSourcesBuildPhase;
			buildActionMask = 2147483647;
			files = (
				13B07FBC1A68108700A75B9A /* AppDelegate.m in Sources */,
				13B07FC11A68108700A75B9A /* main.m in Sources */,
			);
			runOnlyForDeploymentPostprocessing = 0;
		};
/* End PBXSourcesBuildPhase section */

/* Begin PBXVariantGroup section */
		13B07FB11A68108700A75B9A /* LaunchScreen.xib */ = {
			isa = PBXVariantGroup;
			children = (
				13B07FB21A68108700A75B9A /* Base */,
			);
			name = LaunchScreen.xib;
			path = BonneAction;
			sourceTree = "<group>";
		};
/* End PBXVariantGroup section */

/* Begin XCBuildConfiguration section */
		13B07F941A680F5B00A75B9A /* Debug */ = {
			isa = XCBuildConfiguration;
			baseConfigurationReference = A3F97FA8894BDB1EE0B94642 /* Pods-BonneAction.debug.xcconfig */;
			buildSettings = {
				ASSETCATALOG_COMPILER_APPICON_NAME = AppIcon;
				CLANG_ENABLE_MODULES = YES;
				CODE_SIGN_IDENTITY = "iPhone Distribution";
				CODE_SIGN_STYLE = Manual;
				CURRENT_PROJECT_VERSION = 0;
				DEAD_CODE_STRIPPING = NO;
				DEVELOPMENT_TEAM = UCBBLRXQA6;
				EXCLUDED_ARCHS = "";
				"EXCLUDED_ARCHS[sdk=iphonesimulator*]" = "";
				HEADER_SEARCH_PATHS = (
					"$(inherited)",
					"$(SRCROOT)/../node_modules/react-native-toggle-calendar/ToggleCalendar/ios/ToggleCalendar",
				);
				INFOPLIST_FILE = BonneAction/Info.plist;
				LD_RUNPATH_SEARCH_PATHS = "$(inherited) @executable_path/Frameworks";
				LIBRARY_SEARCH_PATHS = (
					"$(inherited)",
					"\"$(SRCROOT)/Friends Bet\"",
					"\"$(SRCROOT)/Friends Bet\"",
				);
				MARKETING_VERSION = 1.0;
				OTHER_LDFLAGS = (
					"$(inherited)",
					"-ObjC",
					"-lc++",
				);
				PRODUCT_BUNDLE_IDENTIFIER = be.webtimemachine.app;
				PRODUCT_NAME = "Web Time Machine";
				PROVISIONING_PROFILE_SPECIFIER = "FriendsBet store";
				SWIFT_OPTIMIZATION_LEVEL = "-Onone";
				SWIFT_VERSION = 5.0;
				TARGETED_DEVICE_FAMILY = 1;
				VERSIONING_SYSTEM = "apple-generic";
			};
			name = Debug;
		};
		13B07F951A680F5B00A75B9A /* Release */ = {
			isa = XCBuildConfiguration;
			baseConfigurationReference = 0D64BDA3D5750C70116BFC72 /* Pods-BonneAction.release.xcconfig */;
			buildSettings = {
				ASSETCATALOG_COMPILER_APPICON_NAME = AppIcon;
				CLANG_ENABLE_MODULES = YES;
				CODE_SIGN_IDENTITY = "iPhone Distribution";
				CODE_SIGN_STYLE = Manual;
				CURRENT_PROJECT_VERSION = 0;
				DEVELOPMENT_TEAM = UCBBLRXQA6;
				EXCLUDED_ARCHS = "";
				HEADER_SEARCH_PATHS = (
					"$(inherited)",
					"$(SRCROOT)/../node_modules/react-native-toggle-calendar/ToggleCalendar/ios/ToggleCalendar",
				);
				INFOPLIST_FILE = BonneAction/Info.plist;
				LD_RUNPATH_SEARCH_PATHS = "$(inherited) @executable_path/Frameworks";
				LIBRARY_SEARCH_PATHS = (
					"$(inherited)",
					"\"$(SRCROOT)/Friends Bet\"",
					"\"$(SRCROOT)/Friends Bet\"",
				);
				MARKETING_VERSION = 1.0;
				OTHER_LDFLAGS = (
					"$(inherited)",
					"-ObjC",
					"-lc++",
				);
				PRODUCT_BUNDLE_IDENTIFIER = be.webtimemachine.app;
				PRODUCT_NAME = "Web Time Machine";
				PROVISIONING_PROFILE_SPECIFIER = "FriendsBet store";
				SWIFT_VERSION = 5.0;
				TARGETED_DEVICE_FAMILY = 1;
				VERSIONING_SYSTEM = "apple-generic";
			};
			name = Release;
		};
		83CBBA201A601CBA00E9B192 /* Debug */ = {
			isa = XCBuildConfiguration;
			buildSettings = {
				ALWAYS_SEARCH_USER_PATHS = NO;
				CLANG_CXX_LANGUAGE_STANDARD = "gnu++0x";
				CLANG_CXX_LIBRARY = "libc++";
				CLANG_ENABLE_MODULES = YES;
				CLANG_ENABLE_OBJC_ARC = YES;
				CLANG_WARN_BLOCK_CAPTURE_AUTORELEASING = YES;
				CLANG_WARN_BOOL_CONVERSION = YES;
				CLANG_WARN_COMMA = YES;
				CLANG_WARN_CONSTANT_CONVERSION = YES;
				CLANG_WARN_DEPRECATED_OBJC_IMPLEMENTATIONS = YES;
				CLANG_WARN_DIRECT_OBJC_ISA_USAGE = YES_ERROR;
				CLANG_WARN_EMPTY_BODY = YES;
				CLANG_WARN_ENUM_CONVERSION = YES;
				CLANG_WARN_INFINITE_RECURSION = YES;
				CLANG_WARN_INT_CONVERSION = YES;
				CLANG_WARN_NON_LITERAL_NULL_CONVERSION = YES;
				CLANG_WARN_OBJC_IMPLICIT_RETAIN_SELF = YES;
				CLANG_WARN_OBJC_LITERAL_CONVERSION = YES;
				CLANG_WARN_OBJC_ROOT_CLASS = YES_ERROR;
				CLANG_WARN_RANGE_LOOP_ANALYSIS = YES;
				CLANG_WARN_STRICT_PROTOTYPES = YES;
				CLANG_WARN_SUSPICIOUS_MOVE = YES;
				CLANG_WARN_UNREACHABLE_CODE = YES;
				CLANG_WARN__DUPLICATE_METHOD_MATCH = YES;
				CODE_SIGN_IDENTITY = "iPhone Developer";
				"CODE_SIGN_IDENTITY[sdk=iphoneos*]" = "iPhone Developer";
				CODE_SIGN_STYLE = Manual;
				COPY_PHASE_STRIP = NO;
				ENABLE_STRICT_OBJC_MSGSEND = YES;
				ENABLE_TESTABILITY = YES;
				GCC_C_LANGUAGE_STANDARD = gnu99;
				GCC_DYNAMIC_NO_PIC = NO;
				GCC_NO_COMMON_BLOCKS = YES;
				GCC_OPTIMIZATION_LEVEL = 0;
				GCC_PREPROCESSOR_DEFINITIONS = (
					"DEBUG=1",
					"$(inherited)",
				);
				GCC_SYMBOLS_PRIVATE_EXTERN = NO;
				GCC_WARN_64_TO_32_BIT_CONVERSION = YES;
				GCC_WARN_ABOUT_RETURN_TYPE = YES_ERROR;
				GCC_WARN_UNDECLARED_SELECTOR = YES;
				GCC_WARN_UNINITIALIZED_AUTOS = YES_AGGRESSIVE;
				GCC_WARN_UNUSED_FUNCTION = YES;
				GCC_WARN_UNUSED_VARIABLE = YES;
				IPHONEOS_DEPLOYMENT_TARGET = 9.0;
				MTL_ENABLE_DEBUG_INFO = YES;
				ONLY_ACTIVE_ARCH = YES;
				SDKROOT = iphoneos;
			};
			name = Debug;
		};
		83CBBA211A601CBA00E9B192 /* Release */ = {
			isa = XCBuildConfiguration;
			buildSettings = {
				ALWAYS_SEARCH_USER_PATHS = NO;
				CLANG_CXX_LANGUAGE_STANDARD = "gnu++0x";
				CLANG_CXX_LIBRARY = "libc++";
				CLANG_ENABLE_MODULES = YES;
				CLANG_ENABLE_OBJC_ARC = YES;
				CLANG_WARN_BLOCK_CAPTURE_AUTORELEASING = YES;
				CLANG_WARN_BOOL_CONVERSION = YES;
				CLANG_WARN_COMMA = YES;
				CLANG_WARN_CONSTANT_CONVERSION = YES;
				CLANG_WARN_DEPRECATED_OBJC_IMPLEMENTATIONS = YES;
				CLANG_WARN_DIRECT_OBJC_ISA_USAGE = YES_ERROR;
				CLANG_WARN_EMPTY_BODY = YES;
				CLANG_WARN_ENUM_CONVERSION = YES;
				CLANG_WARN_INFINITE_RECURSION = YES;
				CLANG_WARN_INT_CONVERSION = YES;
				CLANG_WARN_NON_LITERAL_NULL_CONVERSION = YES;
				CLANG_WARN_OBJC_IMPLICIT_RETAIN_SELF = YES;
				CLANG_WARN_OBJC_LITERAL_CONVERSION = YES;
				CLANG_WARN_OBJC_ROOT_CLASS = YES_ERROR;
				CLANG_WARN_RANGE_LOOP_ANALYSIS = YES;
				CLANG_WARN_STRICT_PROTOTYPES = YES;
				CLANG_WARN_SUSPICIOUS_MOVE = YES;
				CLANG_WARN_UNREACHABLE_CODE = YES;
				CLANG_WARN__DUPLICATE_METHOD_MATCH = YES;
				CODE_SIGN_IDENTITY = "iPhone Developer";
				"CODE_SIGN_IDENTITY[sdk=iphoneos*]" = "iPhone Developer";
				CODE_SIGN_STYLE = Manual;
				COPY_PHASE_STRIP = YES;
				ENABLE_NS_ASSERTIONS = NO;
				ENABLE_STRICT_OBJC_MSGSEND = YES;
				GCC_C_LANGUAGE_STANDARD = gnu99;
				GCC_NO_COMMON_BLOCKS = YES;
				GCC_WARN_64_TO_32_BIT_CONVERSION = YES;
				GCC_WARN_ABOUT_RETURN_TYPE = YES_ERROR;
				GCC_WARN_UNDECLARED_SELECTOR = YES;
				GCC_WARN_UNINITIALIZED_AUTOS = YES_AGGRESSIVE;
				GCC_WARN_UNUSED_FUNCTION = YES;
				GCC_WARN_UNUSED_VARIABLE = YES;
				IPHONEOS_DEPLOYMENT_TARGET = 9.0;
				MTL_ENABLE_DEBUG_INFO = NO;
				SDKROOT = iphoneos;
				VALIDATE_PRODUCT = YES;
			};
			name = Release;
		};
/* End XCBuildConfiguration section */

/* Begin XCConfigurationList section */
		13B07F931A680F5B00A75B9A /* Build configuration list for PBXNativeTarget "BonneAction" */ = {
			isa = XCConfigurationList;
			buildConfigurations = (
				13B07F941A680F5B00A75B9A /* Debug */,
				13B07F951A680F5B00A75B9A /* Release */,
			);
			defaultConfigurationIsVisible = 0;
			defaultConfigurationName = Release;
		};
		83CBB9FA1A601CBA00E9B192 /* Build configuration list for PBXProject "BonneAction" */ = {
			isa = XCConfigurationList;
			buildConfigurations = (
				83CBBA201A601CBA00E9B192 /* Debug */,
				83CBBA211A601CBA00E9B192 /* Release */,
			);
			defaultConfigurationIsVisible = 0;
			defaultConfigurationName = Release;
		};
/* End XCConfigurationList section */
	};
	rootObject = 83CBB9F71A601CBA00E9B192 /* Project object */;
}
